
Microsoft Visual Studio Solution File, Format Version 12.00
# Visual Studio Version 17
VisualStudioVersion = 17.10.34916.146
MinimumVisualStudioVersion = 10.0.40219.1
Project("{9A19103F-16F7-4668-BE54-9A1E7A4F7556}") = "TwitchBanTrackerApi", "TwitchBanTrackerApi\TwitchBanTrackerApi.csproj", "{0BDD56FD-FEF9-4F95-A851-6B9A08B3956D}"
EndProject
Project("{9A19103F-16F7-4668-BE54-9A1E7A4F7556}") = "TwitchBanTrackerApi.DependencyInjection", "TwitchBanTrackerApi.DependencyInjection\TwitchBanTrackerApi.DependencyInjection.csproj", "{2BB2934A-BF74-4BC1-A87E-792B35D8EF2F}"
EndProject
Project("{9A19103F-16F7-4668-BE54-9A1E7A4F7556}") = "TwitchBanTrackerApi.Common", "TwitchBanTrackerApi.Common\TwitchBanTrackerApi.Common.csproj", "{8F4A515A-ECFD-41EF-9181-2980114E6510}"
EndProject
Project("{9A19103F-16F7-4668-BE54-9A1E7A4F7556}") = "TwitchBanTrackerApi.Infrastructure", "TwitchBanTrackerApi.Infrastructure\TwitchBanTrackerApi.Infrastructure.csproj", "{E84AD7DE-3AF7-4184-99DF-4DE218BE51B3}"
EndProject
Project("{9A19103F-16F7-4668-BE54-9A1E7A4F7556}") = "TwitchBanTrackerApi.Services", "TwitchBanTrackerApi.Services\TwitchBanTrackerApi.Services.csproj", "{51832B74-7DEE-4800-A5F0-1EB65469829E}"
EndProject
Global
	GlobalSection(SolutionConfigurationPlatforms) = preSolution
		Debug|Any CPU = Debug|Any CPU
		Release|Any CPU = Release|Any CPU
	EndGlobalSection
	GlobalSection(ProjectConfigurationPlatforms) = postSolution
		{0BDD56FD-FEF9-4F95-A851-6B9A08B3956D}.Debug|Any CPU.ActiveCfg = Debug|Any CPU
		{0BDD56FD-FEF9-4F95-A851-6B9A08B3956D}.Debug|Any CPU.Build.0 = Debug|Any CPU
		{0BDD56FD-FEF9-4F95-A851-6B9A08B3956D}.Release|Any CPU.ActiveCfg = Release|Any CPU
		{0BDD56FD-FEF9-4F95-A851-6B9A08B3956D}.Release|Any CPU.Build.0 = Release|Any CPU
		{2BB2934A-BF74-4BC1-A87E-792B35D8EF2F}.Debug|Any CPU.ActiveCfg = Debug|Any CPU
		{2BB2934A-BF74-4BC1-A87E-792B35D8EF2F}.Debug|Any CPU.Build.0 = Debug|Any CPU
		{2BB2934A-BF74-4BC1-A87E-792B35D8EF2F}.Release|Any CPU.ActiveCfg = Release|Any CPU
		{2BB2934A-BF74-4BC1-A87E-792B35D8EF2F}.Release|Any CPU.Build.0 = Release|Any CPU
		{8F4A515A-ECFD-41EF-9181-2980114E6510}.Debug|Any CPU.ActiveCfg = Debug|Any CPU
		{8F4A515A-ECFD-41EF-9181-2980114E6510}.Debug|Any CPU.Build.0 = Debug|Any CPU
		{8F4A515A-ECFD-41EF-9181-2980114E6510}.Release|Any CPU.ActiveCfg = Release|Any CPU
		{8F4A515A-ECFD-41EF-9181-2980114E6510}.Release|Any CPU.Build.0 = Release|Any CPU
		{E84AD7DE-3AF7-4184-99DF-4DE218BE51B3}.Debug|Any CPU.ActiveCfg = Debug|Any CPU
		{E84AD7DE-3AF7-4184-99DF-4DE218BE51B3}.Debug|Any CPU.Build.0 = Debug|Any CPU
		{E84AD7DE-3AF7-4184-99DF-4DE218BE51B3}.Release|Any CPU.ActiveCfg = Release|Any CPU
		{E84AD7DE-3AF7-4184-99DF-4DE218BE51B3}.Release|Any CPU.Build.0 = Release|Any CPU
		{51832B74-7DEE-4800-A5F0-1EB65469829E}.Debug|Any CPU.ActiveCfg = Debug|Any CPU
		{51832B74-7DEE-4800-A5F0-1EB65469829E}.Debug|Any CPU.Build.0 = Debug|Any CPU
		{51832B74-7DEE-4800-A5F0-1EB65469829E}.Release|Any CPU.ActiveCfg = Release|Any CPU
		{51832B74-7DEE-4800-A5F0-1EB65469829E}.Release|Any CPU.Build.0 = Release|Any CPU
	EndGlobalSection
	GlobalSection(SolutionProperties) = preSolution
		HideSolutionNode = FALSE
	EndGlobalSection
	GlobalSection(ExtensibilityGlobals) = postSolution
		SolutionGuid = {236D084E-DDCB-4E89-AB19-7E95B0492070}
	EndGlobalSection
EndGlobal
